
Microsoft Visual Studio Solution File, Format Version 12.00
# Visual Studio Version 16
VisualStudioVersion = 16.0.31112.23
MinimumVisualStudioVersion = 10.0.40219.1
Project("{FAE04EC0-301F-11D3-BF4B-00C04F79EFBC}") = "habitica-iftt-function", "habitica-iftt-function\habitica-iftt-function.csproj", "{6AAF3C71-7D31-4388-9744-FD6DAA320B9D}"
EndProject
Global
	GlobalSection(SolutionConfigurationPlatforms) = preSolution
		Debug|Any CPU = Debug|Any CPU
		Release|Any CPU = Release|Any CPU
	EndGlobalSection
	GlobalSection(ProjectConfigurationPlatforms) = postSolution
		{6AAF3C71-7D31-4388-9744-FD6DAA320B9D}.Debug|Any CPU.ActiveCfg = Debug|Any CPU
		{6AAF3C71-7D31-4388-9744-FD6DAA320B9D}.Debug|Any CPU.Build.0 = Debug|Any CPU
		{6AAF3C71-7D31-4388-9744-FD6DAA320B9D}.Release|Any CPU.ActiveCfg = Release|Any CPU
		{6AAF3C71-7D31-4388-9744-FD6DAA320B9D}.Release|Any CPU.Build.0 = Release|Any CPU
	EndGlobalSection
	GlobalSection(SolutionProperties) = preSolution
		HideSolutionNode = FALSE
	EndGlobalSection
	GlobalSection(ExtensibilityGlobals) = postSolution
		SolutionGuid = {3DE6DFAB-E4C9-4AD4-B2D8-D2947EF9728D}
	EndGlobalSection
EndGlobal
